
Microsoft Visual Studio Solution File, Format Version 12.00
# Visual Studio 14
VisualStudioVersion = 14.0.25420.1
MinimumVisualStudioVersion = 10.0.40219.1
Project("{151D2E53-A2C4-4D7D-83FE-D05416EBD58E}") = "vm-diagnosisExtwAlert", "vm-diagnosisExtwAlert\vm-diagnosisExtwAlert.deployproj", "{C86A59E8-0303-4EF3-BFF5-B36C7FA9A870}"
EndProject
Global
	GlobalSection(SolutionConfigurationPlatforms) = preSolution
		Debug|Any CPU = Debug|Any CPU
		Release|Any CPU = Release|Any CPU
	EndGlobalSection
	GlobalSection(ProjectConfigurationPlatforms) = postSolution
		{C86A59E8-0303-4EF3-BFF5-B36C7FA9A870}.Debug|Any CPU.ActiveCfg = Debug|Any CPU
		{C86A59E8-0303-4EF3-BFF5-B36C7FA9A870}.Debug|Any CPU.Build.0 = Debug|Any CPU
		{C86A59E8-0303-4EF3-BFF5-B36C7FA9A870}.Release|Any CPU.ActiveCfg = Release|Any CPU
		{C86A59E8-0303-4EF3-BFF5-B36C7FA9A870}.Release|Any CPU.Build.0 = Release|Any CPU
	EndGlobalSection
	GlobalSection(SolutionProperties) = preSolution
		HideSolutionNode = FALSE
	EndGlobalSection
EndGlobal
